// !$*UTF8*$!
{
	archiveVersion = 1;
	classes = {
	};
	objectVersion = 46;
	objects = {

/* Begin PBXBuildFile section */
		F40A93FA1C18C13200ACBEA2 /* VTConstants.swift in Sources */ = {isa = PBXBuildFile; fileRef = F40A93F91C18C13200ACBEA2 /* VTConstants.swift */; };
		F40A93FC1C18C14100ACBEA2 /* VTClient.swift in Sources */ = {isa = PBXBuildFile; fileRef = F40A93FB1C18C14100ACBEA2 /* VTClient.swift */; };
		F40A93FE1C18C1E100ACBEA2 /* Photo.swift in Sources */ = {isa = PBXBuildFile; fileRef = F40A93FD1C18C1E100ACBEA2 /* Photo.swift */; };
		F40A94001C18C1EB00ACBEA2 /* Pin.swift in Sources */ = {isa = PBXBuildFile; fileRef = F40A93FF1C18C1EB00ACBEA2 /* Pin.swift */; };
		F40A94031C18C4DB00ACBEA2 /* VTConveince.swift in Sources */ = {isa = PBXBuildFile; fileRef = F40A94021C18C4DB00ACBEA2 /* VTConveince.swift */; };
		F411232A1C1EECF300889FB1 /* ImageCache.swift in Sources */ = {isa = PBXBuildFile; fileRef = F41123291C1EECF300889FB1 /* ImageCache.swift */; };
		F4238F121C1A09F00011B920 /* FlickrPhotoCell.swift in Sources */ = {isa = PBXBuildFile; fileRef = F4238F111C1A09F00011B920 /* FlickrPhotoCell.swift */; };
		F42950801C1725DB000FB733 /* PhotoAlbumViewController.swift in Sources */ = {isa = PBXBuildFile; fileRef = F429507F1C1725DB000FB733 /* PhotoAlbumViewController.swift */; };
		F42A6C111C15C3DF0046D676 /* AppDelegate.swift in Sources */ = {isa = PBXBuildFile; fileRef = F42A6C101C15C3DF0046D676 /* AppDelegate.swift */; };
		F42A6C161C15C3DF0046D676 /* Main.storyboard in Resources */ = {isa = PBXBuildFile; fileRef = F42A6C141C15C3DF0046D676 /* Main.storyboard */; };
		F42A6C181C15C3DF0046D676 /* Assets.xcassets in Resources */ = {isa = PBXBuildFile; fileRef = F42A6C171C15C3DF0046D676 /* Assets.xcassets */; };
		F42A6C1B1C15C3DF0046D676 /* LaunchScreen.storyboard in Resources */ = {isa = PBXBuildFile; fileRef = F42A6C191C15C3DF0046D676 /* LaunchScreen.storyboard */; };
		F42A6C231C15C4170046D676 /* CoreDataStackManager.swift in Sources */ = {isa = PBXBuildFile; fileRef = F42A6C221C15C4170046D676 /* CoreDataStackManager.swift */; };
		F42A6C251C15C5100046D676 /* TravelLocMapViewController.swift in Sources */ = {isa = PBXBuildFile; fileRef = F42A6C241C15C5100046D676 /* TravelLocMapViewController.swift */; };
		F42A6C281C15D0BD0046D676 /* Model.xcdatamodeld in Sources */ = {isa = PBXBuildFile; fileRef = F42A6C261C15D0BD0046D676 /* Model.xcdatamodeld */; };
		F4C3DE671C1AEE7E0021E1D0 /* Reachability.swift in Sources */ = {isa = PBXBuildFile; fileRef = F4C3DE661C1AEE7E0021E1D0 /* Reachability.swift */; };
/* End PBXBuildFile section */

/* Begin PBXFileReference section */
		F40A93F91C18C13200ACBEA2 /* VTConstants.swift */ = {isa = PBXFileReference; fileEncoding = 4; lastKnownFileType = sourcecode.swift; path = VTConstants.swift; sourceTree = "<group>"; };
		F40A93FB1C18C14100ACBEA2 /* VTClient.swift */ = {isa = PBXFileReference; fileEncoding = 4; lastKnownFileType = sourcecode.swift; path = VTClient.swift; sourceTree = "<group>"; };
		F40A93FD1C18C1E100ACBEA2 /* Photo.swift */ = {isa = PBXFileReference; fileEncoding = 4; lastKnownFileType = sourcecode.swift; path = Photo.swift; sourceTree = "<group>"; };
		F40A93FF1C18C1EB00ACBEA2 /* Pin.swift */ = {isa = PBXFileReference; fileEncoding = 4; lastKnownFileType = sourcecode.swift; path = Pin.swift; sourceTree = "<group>"; };
		F40A94021C18C4DB00ACBEA2 /* VTConveince.swift */ = {isa = PBXFileReference; fileEncoding = 4; lastKnownFileType = sourcecode.swift; path = VTConveince.swift; sourceTree = "<group>"; };
		F41123291C1EECF300889FB1 /* ImageCache.swift */ = {isa = PBXFileReference; fileEncoding = 4; lastKnownFileType = sourcecode.swift; path = ImageCache.swift; sourceTree = "<group>"; };
		F4238F111C1A09F00011B920 /* FlickrPhotoCell.swift */ = {isa = PBXFileReference; fileEncoding = 4; lastKnownFileType = sourcecode.swift; path = FlickrPhotoCell.swift; sourceTree = "<group>"; };
		F429507F1C1725DB000FB733 /* PhotoAlbumViewController.swift */ = {isa = PBXFileReference; fileEncoding = 4; lastKnownFileType = sourcecode.swift; name = PhotoAlbumViewController.swift; path = ../PhotoAlbumViewController.swift; sourceTree = "<group>"; };
		F42A6C0D1C15C3DF0046D676 /* VirtualTourist.app */ = {isa = PBXFileReference; explicitFileType = wrapper.application; includeInIndex = 0; path = VirtualTourist.app; sourceTree = BUILT_PRODUCTS_DIR; };
		F42A6C101C15C3DF0046D676 /* AppDelegate.swift */ = {isa = PBXFileReference; lastKnownFileType = sourcecode.swift; path = AppDelegate.swift; sourceTree = "<group>"; };
		F42A6C151C15C3DF0046D676 /* Base */ = {isa = PBXFileReference; lastKnownFileType = file.storyboard; name = Base; path = Base.lproj/Main.storyboard; sourceTree = "<group>"; };
		F42A6C171C15C3DF0046D676 /* Assets.xcassets */ = {isa = PBXFileReference; lastKnownFileType = folder.assetcatalog; path = Assets.xcassets; sourceTree = "<group>"; };
		F42A6C1A1C15C3DF0046D676 /* Base */ = {isa = PBXFileReference; lastKnownFileType = file.storyboard; name = Base; path = Base.lproj/LaunchScreen.storyboard; sourceTree = "<group>"; };
		F42A6C1C1C15C3DF0046D676 /* Info.plist */ = {isa = PBXFileReference; lastKnownFileType = text.plist.xml; path = Info.plist; sourceTree = "<group>"; };
		F42A6C221C15C4170046D676 /* CoreDataStackManager.swift */ = {isa = PBXFileReference; fileEncoding = 4; lastKnownFileType = sourcecode.swift; name = CoreDataStackManager.swift; path = ../CoreDataStackManager.swift; sourceTree = "<group>"; };
		F42A6C241C15C5100046D676 /* TravelLocMapViewController.swift */ = {isa = PBXFileReference; fileEncoding = 4; lastKnownFileType = sourcecode.swift; path = TravelLocMapViewController.swift; sourceTree = "<group>"; };
		F42A6C271C15D0BD0046D676 /* Model.xcdatamodel */ = {isa = PBXFileReference; lastKnownFileType = wrapper.xcdatamodel; path = Model.xcdatamodel; sourceTree = "<group>"; };
		F4C3DE661C1AEE7E0021E1D0 /* Reachability.swift */ = {isa = PBXFileReference; fileEncoding = 4; lastKnownFileType = sourcecode.swift; name = Reachability.swift; path = ../Reachability.swift; sourceTree = "<group>"; };
/* End PBXFileReference section */

/* Begin PBXFrameworksBuildPhase section */
		F42A6C0A1C15C3DF0046D676 /* Frameworks */ = {
			isa = PBXFrameworksBuildPhase;
			buildActionMask = 2147483647;
			files = (
			);
			runOnlyForDeploymentPostprocessing = 0;
		};
/* End PBXFrameworksBuildPhase section */

/* Begin PBXGroup section */
		F40A94011C18C1F400ACBEA2 /* Model */ = {
			isa = PBXGroup;
			children = (
				F40A93F91C18C13200ACBEA2 /* VTConstants.swift */,
				F40A93FF1C18C1EB00ACBEA2 /* Pin.swift */,
				F40A93FD1C18C1E100ACBEA2 /* Photo.swift */,
				F40A93FB1C18C14100ACBEA2 /* VTClient.swift */,
				F40A94021C18C4DB00ACBEA2 /* VTConveince.swift */,
			);
			name = Model;
			sourceTree = "<group>";
		};
		F42A6C041C15C3DF0046D676 = {
			isa = PBXGroup;
			children = (
				F40A94011C18C1F400ACBEA2 /* Model */,
				F42A6C0F1C15C3DF0046D676 /* VirtualTourist */,
				F42A6C0E1C15C3DF0046D676 /* Products */,
			);
			sourceTree = "<group>";
		};
		F42A6C0E1C15C3DF0046D676 /* Products */ = {
			isa = PBXGroup;
			children = (
				F42A6C0D1C15C3DF0046D676 /* VirtualTourist.app */,
			);
			name = Products;
			sourceTree = "<group>";
		};
		F42A6C0F1C15C3DF0046D676 /* VirtualTourist */ = {
			isa = PBXGroup;
			children = (
				F42A6C241C15C5100046D676 /* TravelLocMapViewController.swift */,
				F429507F1C1725DB000FB733 /* PhotoAlbumViewController.swift */,
				F4238F111C1A09F00011B920 /* FlickrPhotoCell.swift */,
				F42A6C101C15C3DF0046D676 /* AppDelegate.swift */,
				F4C3DE661C1AEE7E0021E1D0 /* Reachability.swift */,
				F42A6C141C15C3DF0046D676 /* Main.storyboard */,
				F42A6C221C15C4170046D676 /* CoreDataStackManager.swift */,
				F41123291C1EECF300889FB1 /* ImageCache.swift */,
				F42A6C171C15C3DF0046D676 /* Assets.xcassets */,
				F42A6C191C15C3DF0046D676 /* LaunchScreen.storyboard */,
				F42A6C1C1C15C3DF0046D676 /* Info.plist */,
				F42A6C261C15D0BD0046D676 /* Model.xcdatamodeld */,
			);
			path = VirtualTourist;
			sourceTree = "<group>";
		};
/* End PBXGroup section */

/* Begin PBXNativeTarget section */
		F42A6C0C1C15C3DF0046D676 /* VirtualTourist */ = {
			isa = PBXNativeTarget;
			buildConfigurationList = F42A6C1F1C15C3DF0046D676 /* Build configuration list for PBXNativeTarget "VirtualTourist" */;
			buildPhases = (
				F42A6C091C15C3DF0046D676 /* Sources */,
				F42A6C0A1C15C3DF0046D676 /* Frameworks */,
				F42A6C0B1C15C3DF0046D676 /* Resources */,
			);
			buildRules = (
			);
			dependencies = (
			);
			name = VirtualTourist;
			productName = VirtualTourist;
			productReference = F42A6C0D1C15C3DF0046D676 /* VirtualTourist.app */;
			productType = "com.apple.product-type.application";
		};
/* End PBXNativeTarget section */

/* Begin PBXProject section */
		F42A6C051C15C3DF0046D676 /* Project object */ = {
			isa = PBXProject;
			attributes = {
				LastSwiftUpdateCheck = 0710;
				LastUpgradeCheck = 0710;
				ORGANIZATIONNAME = memetcircus;
				TargetAttributes = {
					F42A6C0C1C15C3DF0046D676 = {
						CreatedOnToolsVersion = 7.1.1;
					};
				};
			};
			buildConfigurationList = F42A6C081C15C3DF0046D676 /* Build configuration list for PBXProject "VirtualTourist" */;
			compatibilityVersion = "Xcode 3.2";
			developmentRegion = English;
			hasScannedForEncodings = 0;
			knownRegions = (
				en,
				Base,
			);
			mainGroup = F42A6C041C15C3DF0046D676;
			productRefGroup = F42A6C0E1C15C3DF0046D676 /* Products */;
			projectDirPath = "";
			projectRoot = "";
			targets = (
				F42A6C0C1C15C3DF0046D676 /* VirtualTourist */,
			);
		};
/* End PBXProject section */

/* Begin PBXResourcesBuildPhase section */
		F42A6C0B1C15C3DF0046D676 /* Resources */ = {
			isa = PBXResourcesBuildPhase;
			buildActionMask = 2147483647;
			files = (
				F42A6C1B1C15C3DF0046D676 /* LaunchScreen.storyboard in Resources */,
				F42A6C181C15C3DF0046D676 /* Assets.xcassets in Resources */,
				F42A6C161C15C3DF0046D676 /* Main.storyboard in Resources */,
			);
			runOnlyForDeploymentPostprocessing = 0;
		};
/* End PBXResourcesBuildPhase section */

/* Begin PBXSourcesBuildPhase section */
		F42A6C091C15C3DF0046D676 /* Sources */ = {
			isa = PBXSourcesBuildPhase;
			buildActionMask = 2147483647;
			files = (
				F40A93FE1C18C1E100ACBEA2 /* Photo.swift in Sources */,
				F411232A1C1EECF300889FB1 /* ImageCache.swift in Sources */,
				F42A6C111C15C3DF0046D676 /* AppDelegate.swift in Sources */,
				F4C3DE671C1AEE7E0021E1D0 /* Reachability.swift in Sources */,
				F42A6C231C15C4170046D676 /* CoreDataStackManager.swift in Sources */,
				F40A94001C18C1EB00ACBEA2 /* Pin.swift in Sources */,
				F4238F121C1A09F00011B920 /* FlickrPhotoCell.swift in Sources */,
				F42A6C251C15C5100046D676 /* TravelLocMapViewController.swift in Sources */,
				F40A93FA1C18C13200ACBEA2 /* VTConstants.swift in Sources */,
				F42950801C1725DB000FB733 /* PhotoAlbumViewController.swift in Sources */,
				F42A6C281C15D0BD0046D676 /* Model.xcdatamodeld in Sources */,
				F40A94031C18C4DB00ACBEA2 /* VTConveince.swift in Sources */,
				F40A93FC1C18C14100ACBEA2 /* VTClient.swift in Sources */,
			);
			runOnlyForDeploymentPostprocessing = 0;
		};
/* End PBXSourcesBuildPhase section */

/* Begin PBXVariantGroup section */
		F42A6C141C15C3DF0046D676 /* Main.storyboard */ = {
			isa = PBXVariantGroup;
			children = (
				F42A6C151C15C3DF0046D676 /* Base */,
			);
			name = Main.storyboard;
			sourceTree = "<group>";
		};
		F42A6C191C15C3DF0046D676 /* LaunchScreen.storyboard */ = {
			isa = PBXVariantGroup;
			children = (
				F42A6C1A1C15C3DF0046D676 /* Base */,
			);
			name = LaunchScreen.storyboard;
			sourceTree = "<group>";
		};
/* End PBXVariantGroup section */

/* Begin XCBuildConfiguration section */
		F42A6C1D1C15C3DF0046D676 /* Debug */ = {
			isa = XCBuildConfiguration;
			buildSettings = {
				ALWAYS_SEARCH_USER_PATHS = NO;
				CLANG_CXX_LANGUAGE_STANDARD = "gnu++0x";
				CLANG_CXX_LIBRARY = "libc++";
				CLANG_ENABLE_MODULES = YES;
				CLANG_ENABLE_OBJC_ARC = YES;
				CLANG_WARN_BOOL_CONVERSION = YES;
				CLANG_WARN_CONSTANT_CONVERSION = YES;
				CLANG_WARN_DIRECT_OBJC_ISA_USAGE = YES_ERROR;
				CLANG_WARN_EMPTY_BODY = YES;
				CLANG_WARN_ENUM_CONVERSION = YES;
				CLANG_WARN_INT_CONVERSION = YES;
				CLANG_WARN_OBJC_ROOT_CLASS = YES_ERROR;
				CLANG_WARN_UNREACHABLE_CODE = YES;
				CLANG_WARN__DUPLICATE_METHOD_MATCH = YES;
				"CODE_SIGN_IDENTITY[sdk=iphoneos*]" = "iPhone Developer";
				COPY_PHASE_STRIP = NO;
				DEBUG_INFORMATION_FORMAT = dwarf;
				ENABLE_STRICT_OBJC_MSGSEND = YES;
				ENABLE_TESTABILITY = YES;
				GCC_C_LANGUAGE_STANDARD = gnu99;
				GCC_DYNAMIC_NO_PIC = NO;
				GCC_NO_COMMON_BLOCKS = YES;
				GCC_OPTIMIZATION_LEVEL = 0;
				GCC_PREPROCESSOR_DEFINITIONS = (
					"DEBUG=1",
					"$(inherited)",
				);
				GCC_WARN_64_TO_32_BIT_CONVERSION = YES;
				GCC_WARN_ABOUT_RETURN_TYPE = YES_ERROR;
				GCC_WARN_UNDECLARED_SELECTOR = YES;
				GCC_WARN_UNINITIALIZED_AUTOS = YES_AGGRESSIVE;
				GCC_WARN_UNUSED_FUNCTION = YES;
				GCC_WARN_UNUSED_VARIABLE = YES;
				IPHONEOS_DEPLOYMENT_TARGET = 9.1;
				MTL_ENABLE_DEBUG_INFO = YES;
				ONLY_ACTIVE_ARCH = YES;
				SDKROOT = iphoneos;
				SWIFT_OPTIMIZATION_LEVEL = "-Onone";
			};
			name = Debug;
		};
		F42A6C1E1C15C3DF0046D676 /* Release */ = {
			isa = XCBuildConfiguration;
			buildSettings = {
				ALWAYS_SEARCH_USER_PATHS = NO;
				CLANG_CXX_LANGUAGE_STANDARD = "gnu++0x";
				CLANG_CXX_LIBRARY = "libc++";
				CLANG_ENABLE_MODULES = YES;
				CLANG_ENABLE_OBJC_ARC = YES;
				CLANG_WARN_BOOL_CONVERSION = YES;
				CLANG_WARN_CONSTANT_CONVERSION = YES;
				CLANG_WARN_DIRECT_OBJC_ISA_USAGE = YES_ERROR;
				CLANG_WARN_EMPTY_BODY = YES;
				CLANG_WARN_ENUM_CONVERSION = YES;
				CLANG_WARN_INT_CONVERSION = YES;
				CLANG_WARN_OBJC_ROOT_CLASS = YES_ERROR;
				CLANG_WARN_UNREACHABLE_CODE = YES;
				CLANG_WARN__DUPLICATE_METHOD_MATCH = YES;
				"CODE_SIGN_IDENTITY[sdk=iphoneos*]" = "iPhone Developer";
				COPY_PHASE_STRIP = NO;
				DEBUG_INFORMATION_FORMAT = "dwarf-with-dsym";
				ENABLE_NS_ASSERTIONS = NO;
				ENABLE_STRICT_OBJC_MSGSEND = YES;
				GCC_C_LANGUAGE_STANDARD = gnu99;
				GCC_NO_COMMON_BLOCKS = YES;
				GCC_WARN_64_TO_32_BIT_CONVERSION = YES;
				GCC_WARN_ABOUT_RETURN_TYPE = YES_ERROR;
				GCC_WARN_UNDECLARED_SELECTOR = YES;
				GCC_WARN_UNINITIALIZED_AUTOS = YES_AGGRESSIVE;
				GCC_WARN_UNUSED_FUNCTION = YES;
				GCC_WARN_UNUSED_VARIABLE = YES;
				IPHONEOS_DEPLOYMENT_TARGET = 9.1;
				MTL_ENABLE_DEBUG_INFO = NO;
				SDKROOT = iphoneos;
				VALIDATE_PRODUCT = YES;
			};
			name = Release;
		};
		F42A6C201C15C3DF0046D676 /* Debug */ = {
			isa = XCBuildConfiguration;
			buildSettings = {
				ASSETCATALOG_COMPILER_APPICON_NAME = AppIcon;
				INFOPLIST_FILE = VirtualTourist/Info.plist;
				IPHONEOS_DEPLOYMENT_TARGET = 9.0;
				LD_RUNPATH_SEARCH_PATHS = "$(inherited) @executable_path/Frameworks";
				PRODUCT_BUNDLE_IDENTIFIER = com.memetcircus.VirtualTourist;
				PRODUCT_NAME = "$(TARGET_NAME)";
			};
			name = Debug;
		};
		F42A6C211C15C3DF0046D676 /* Release */ = {
			isa = XCBuildConfiguration;
			buildSettings = {
				ASSETCATALOG_COMPILER_APPICON_NAME = AppIcon;
				INFOPLIST_FILE = VirtualTourist/Info.plist;
				IPHONEOS_DEPLOYMENT_TARGET = 9.0;
				LD_RUNPATH_SEARCH_PATHS = "$(inherited) @executable_path/Frameworks";
				PRODUCT_BUNDLE_IDENTIFIER = com.memetcircus.VirtualTourist;
				PRODUCT_NAME = "$(TARGET_NAME)";
			};
			name = Release;
		};
/* End XCBuildConfiguration section */

/* Begin XCConfigurationList section */
		F42A6C081C15C3DF0046D676 /* Build configuration list for PBXProject "VirtualTourist" */ = {
			isa = XCConfigurationList;
			buildConfigurations = (
				F42A6C1D1C15C3DF0046D676 /* Debug */,
				F42A6C1E1C15C3DF0046D676 /* Release */,
			);
			defaultConfigurationIsVisible = 0;
			defaultConfigurationName = Release;
		};
		F42A6C1F1C15C3DF0046D676 /* Build configuration list for PBXNativeTarget "VirtualTourist" */ = {
			isa = XCConfigurationList;
			buildConfigurations = (
				F42A6C201C15C3DF0046D676 /* Debug */,
				F42A6C211C15C3DF0046D676 /* Release */,
			);
			defaultConfigurationIsVisible = 0;
			defaultConfigurationName = Release;
		};
/* End XCConfigurationList section */

/* Begin XCVersionGroup section */
		F42A6C261C15D0BD0046D676 /* Model.xcdatamodeld */ = {
			isa = XCVersionGroup;
			children = (
				F42A6C271C15D0BD0046D676 /* Model.xcdatamodel */,
			);
			currentVersion = F42A6C271C15D0BD0046D676 /* Model.xcdatamodel */;
			name = Model.xcdatamodeld;
			path = ../Model.xcdatamodeld;
			sourceTree = "<group>";
			versionGroupType = wrapper.xcdatamodel;
		};
/* End XCVersionGroup section */
	};
	rootObject = F42A6C051C15C3DF0046D676 /* Project object */;
}
